
Microsoft Visual Studio Solution File, Format Version 12.00
# Visual Studio Version 16
VisualStudioVersion = 16.0.29728.190
MinimumVisualStudioVersion = 10.0.40219.1
Project("{2150E333-8FDC-42A3-9474-1A3956D46DE8}") = "Bys.Core", "Bys.Core", "{076FE19B-B5F0-4352-A527-DE24486572D2}"
EndProject
Project("{2150E333-8FDC-42A3-9474-1A3956D46DE8}") = "Bys.Solution", "Bys.Solution", "{C9078B2E-0583-42D3-B683-F270DB8C71A9}"
EndProject
Project("{FAE04EC0-301F-11D3-BF4B-00C04F79EFBC}") = "BOSERP", "BOSERP\BOSERP.csproj", "{72292633-262F-477E-A90C-63A49E684C6A}"
	ProjectSection(ProjectDependencies) = postProject
		{4F032A2A-4F95-4759-8719-B5CAA760CC52} = {4F032A2A-4F95-4759-8719-B5CAA760CC52}
		{8C8B6F8D-74CC-4FC5-9E4F-8409B0288626} = {8C8B6F8D-74CC-4FC5-9E4F-8409B0288626}
		{A4A66AFF-24E9-4237-94CC-0700261CF76D} = {A4A66AFF-24E9-4237-94CC-0700261CF76D}
	EndProjectSection
EndProject
Project("{FAE04EC0-301F-11D3-BF4B-00C04F79EFBC}") = "BOSLib", "Bys.Core\BOSLib\BOSLib.csproj", "{A4860258-380C-4FF3-9F93-EC653ABDAE8D}"
EndProject
Project("{FAE04EC0-301F-11D3-BF4B-00C04F79EFBC}") = "BOSEntity", "Bys.Core\BOSEntity\BOSEntity.csproj", "{FE3F2E92-4DDB-4A44-98BB-209C9A452F2A}"
EndProject
Project("{FAE04EC0-301F-11D3-BF4B-00C04F79EFBC}") = "BOSComponent", "Bys.Core\BOSComponent\BOSComponent.csproj", "{220ED659-0C9E-4501-BAEE-DD5F5FC1A3BB}"
EndProject
Project("{FAE04EC0-301F-11D3-BF4B-00C04F79EFBC}") = "BOSCommon", "Bys.Core\BOSCommon\BOSCommon.csproj", "{B05DF8AD-9AE4-471C-85C5-6D63540443AD}"
EndProject
Project("{FAE04EC0-301F-11D3-BF4B-00C04F79EFBC}") = "BOSBase", "Bys.Core\BOSBase\BOSBase.csproj", "{051D5AE3-E906-4A72-9180-D1FAC27A7D16}"
EndProject
Project("{FAE04EC0-301F-11D3-BF4B-00C04F79EFBC}") = "BOSReport", "Bys.Solution\BOSReport\BOSReport.csproj", "{8C8B6F8D-74CC-4FC5-9E4F-8409B0288626}"
EndProject
Project("{FAE04EC0-301F-11D3-BF4B-00C04F79EFBC}") = "BOSERP.Procedure", "Bys.Solution\BOSERP.Procedure\BOSERP.Procedure.csproj", "{4F032A2A-4F95-4759-8719-B5CAA760CC52}"
EndProject
Project("{FAE04EC0-301F-11D3-BF4B-00C04F79EFBC}") = "BOSERP.MES", "Bys.Solution\BOSERP.MES\BOSERP.MES.csproj", "{A4A66AFF-24E9-4237-94CC-0700261CF76D}"
EndProject
Global
	GlobalSection(SolutionConfigurationPlatforms) = preSolution
		Debug|Any CPU = Debug|Any CPU
		Release|Any CPU = Release|Any CPU
	EndGlobalSection
	GlobalSection(ProjectConfigurationPlatforms) = postSolution
		{72292633-262F-477E-A90C-63A49E684C6A}.Debug|Any CPU.ActiveCfg = Debug|Any CPU
		{72292633-262F-477E-A90C-63A49E684C6A}.Debug|Any CPU.Build.0 = Debug|Any CPU
		{72292633-262F-477E-A90C-63A49E684C6A}.Release|Any CPU.ActiveCfg = Release|Any CPU
		{72292633-262F-477E-A90C-63A49E684C6A}.Release|Any CPU.Build.0 = Release|Any CPU
		{A4860258-380C-4FF3-9F93-EC653ABDAE8D}.Debug|Any CPU.ActiveCfg = Debug|Any CPU
		{A4860258-380C-4FF3-9F93-EC653ABDAE8D}.Debug|Any CPU.Build.0 = Debug|Any CPU
		{A4860258-380C-4FF3-9F93-EC653ABDAE8D}.Release|Any CPU.ActiveCfg = Release|Any CPU
		{A4860258-380C-4FF3-9F93-EC653ABDAE8D}.Release|Any CPU.Build.0 = Release|Any CPU
		{FE3F2E92-4DDB-4A44-98BB-209C9A452F2A}.Debug|Any CPU.ActiveCfg = Debug|Any CPU
		{FE3F2E92-4DDB-4A44-98BB-209C9A452F2A}.Debug|Any CPU.Build.0 = Debug|Any CPU
		{FE3F2E92-4DDB-4A44-98BB-209C9A452F2A}.Release|Any CPU.ActiveCfg = Release|Any CPU
		{FE3F2E92-4DDB-4A44-98BB-209C9A452F2A}.Release|Any CPU.Build.0 = Release|Any CPU
		{220ED659-0C9E-4501-BAEE-DD5F5FC1A3BB}.Debug|Any CPU.ActiveCfg = Debug|Any CPU
		{220ED659-0C9E-4501-BAEE-DD5F5FC1A3BB}.Debug|Any CPU.Build.0 = Debug|Any CPU
		{220ED659-0C9E-4501-BAEE-DD5F5FC1A3BB}.Release|Any CPU.ActiveCfg = Release|Any CPU
		{220ED659-0C9E-4501-BAEE-DD5F5FC1A3BB}.Release|Any CPU.Build.0 = Release|Any CPU
		{B05DF8AD-9AE4-471C-85C5-6D63540443AD}.Debug|Any CPU.ActiveCfg = Debug|Any CPU
		{B05DF8AD-9AE4-471C-85C5-6D63540443AD}.Debug|Any CPU.Build.0 = Debug|Any CPU
		{B05DF8AD-9AE4-471C-85C5-6D63540443AD}.Release|Any CPU.ActiveCfg = Release|Any CPU
		{B05DF8AD-9AE4-471C-85C5-6D63540443AD}.Release|Any CPU.Build.0 = Release|Any CPU
		{051D5AE3-E906-4A72-9180-D1FAC27A7D16}.Debug|Any CPU.ActiveCfg = Debug|Any CPU
		{051D5AE3-E906-4A72-9180-D1FAC27A7D16}.Debug|Any CPU.Build.0 = Debug|Any CPU
		{051D5AE3-E906-4A72-9180-D1FAC27A7D16}.Release|Any CPU.ActiveCfg = Release|Any CPU
		{051D5AE3-E906-4A72-9180-D1FAC27A7D16}.Release|Any CPU.Build.0 = Release|Any CPU
		{8C8B6F8D-74CC-4FC5-9E4F-8409B0288626}.Debug|Any CPU.ActiveCfg = Debug|Any CPU
		{8C8B6F8D-74CC-4FC5-9E4F-8409B0288626}.Debug|Any CPU.Build.0 = Debug|Any CPU
		{8C8B6F8D-74CC-4FC5-9E4F-8409B0288626}.Release|Any CPU.ActiveCfg = Release|Any CPU
		{8C8B6F8D-74CC-4FC5-9E4F-8409B0288626}.Release|Any CPU.Build.0 = Release|Any CPU
		{4F032A2A-4F95-4759-8719-B5CAA760CC52}.Debug|Any CPU.ActiveCfg = Debug|Any CPU
		{4F032A2A-4F95-4759-8719-B5CAA760CC52}.Debug|Any CPU.Build.0 = Debug|Any CPU
		{4F032A2A-4F95-4759-8719-B5CAA760CC52}.Release|Any CPU.ActiveCfg = Release|Any CPU
		{4F032A2A-4F95-4759-8719-B5CAA760CC52}.Release|Any CPU.Build.0 = Release|Any CPU
		{A4A66AFF-24E9-4237-94CC-0700261CF76D}.Debug|Any CPU.ActiveCfg = Debug|Any CPU
		{A4A66AFF-24E9-4237-94CC-0700261CF76D}.Debug|Any CPU.Build.0 = Debug|Any CPU
		{A4A66AFF-24E9-4237-94CC-0700261CF76D}.Release|Any CPU.ActiveCfg = Release|Any CPU
		{A4A66AFF-24E9-4237-94CC-0700261CF76D}.Release|Any CPU.Build.0 = Release|Any CPU
	EndGlobalSection
	GlobalSection(SolutionProperties) = preSolution
		HideSolutionNode = FALSE
	EndGlobalSection
	GlobalSection(NestedProjects) = preSolution
		{A4860258-380C-4FF3-9F93-EC653ABDAE8D} = {076FE19B-B5F0-4352-A527-DE24486572D2}
		{FE3F2E92-4DDB-4A44-98BB-209C9A452F2A} = {076FE19B-B5F0-4352-A527-DE24486572D2}
		{220ED659-0C9E-4501-BAEE-DD5F5FC1A3BB} = {076FE19B-B5F0-4352-A527-DE24486572D2}
		{B05DF8AD-9AE4-471C-85C5-6D63540443AD} = {076FE19B-B5F0-4352-A527-DE24486572D2}
		{051D5AE3-E906-4A72-9180-D1FAC27A7D16} = {076FE19B-B5F0-4352-A527-DE24486572D2}
		{8C8B6F8D-74CC-4FC5-9E4F-8409B0288626} = {C9078B2E-0583-42D3-B683-F270DB8C71A9}
		{4F032A2A-4F95-4759-8719-B5CAA760CC52} = {C9078B2E-0583-42D3-B683-F270DB8C71A9}
		{A4A66AFF-24E9-4237-94CC-0700261CF76D} = {C9078B2E-0583-42D3-B683-F270DB8C71A9}
	EndGlobalSection
	GlobalSection(ExtensibilityGlobals) = postSolution
		SolutionGuid = {1628117C-615C-4E9D-A212-048400246C0B}
	EndGlobalSection
EndGlobal
